
Microsoft Visual Studio Solution File, Format Version 12.00
# Visual Studio Version 16
VisualStudioVersion = 16.0.29905.134
MinimumVisualStudioVersion = 10.0.40219.1
Project("{9A19103F-16F7-4668-BE54-9A1E7A4F7556}") = "Webapia", "Webapia\Webapia.csproj", "{D4E36385-7988-4944-B4E5-743154AA9C21}"
EndProject
Project("{FAE04EC0-301F-11D3-BF4B-00C04F79EFBC}") = "Blazor", "Blazor\Blazor.csproj", "{14F5314D-4753-48F8-A4DA-3CB70F94B01B}"
EndProject
Global
	GlobalSection(SolutionConfigurationPlatforms) = preSolution
		Debug|Any CPU = Debug|Any CPU
		Release|Any CPU = Release|Any CPU
	EndGlobalSection
	GlobalSection(ProjectConfigurationPlatforms) = postSolution
		{D4E36385-7988-4944-B4E5-743154AA9C21}.Debug|Any CPU.ActiveCfg = Debug|Any CPU
		{D4E36385-7988-4944-B4E5-743154AA9C21}.Debug|Any CPU.Build.0 = Debug|Any CPU
		{D4E36385-7988-4944-B4E5-743154AA9C21}.Release|Any CPU.ActiveCfg = Release|Any CPU
		{D4E36385-7988-4944-B4E5-743154AA9C21}.Release|Any CPU.Build.0 = Release|Any CPU
		{14F5314D-4753-48F8-A4DA-3CB70F94B01B}.Debug|Any CPU.ActiveCfg = Debug|Any CPU
		{14F5314D-4753-48F8-A4DA-3CB70F94B01B}.Debug|Any CPU.Build.0 = Debug|Any CPU
		{14F5314D-4753-48F8-A4DA-3CB70F94B01B}.Release|Any CPU.ActiveCfg = Release|Any CPU
		{14F5314D-4753-48F8-A4DA-3CB70F94B01B}.Release|Any CPU.Build.0 = Release|Any CPU
	EndGlobalSection
	GlobalSection(SolutionProperties) = preSolution
		HideSolutionNode = FALSE
	EndGlobalSection
	GlobalSection(ExtensibilityGlobals) = postSolution
		SolutionGuid = {BCBA3779-A474-4216-9F67-BF815895DD6A}
	EndGlobalSection
EndGlobal
